// !$*UTF8*$!
{
	archiveVersion = 1;
	classes = {
	};
	objectVersion = 55;
	objects = {

/* Begin PBXBuildFile section */
		E4CCB4BD28C64036008D0D2A /* LocalNotificationsWithPickerApp.swift in Sources */ = {isa = PBXBuildFile; fileRef = E4CCB4BC28C64036008D0D2A /* LocalNotificationsWithPickerApp.swift */; };
		E4CCB4BF28C64036008D0D2A /* ContentView.swift in Sources */ = {isa = PBXBuildFile; fileRef = E4CCB4BE28C64036008D0D2A /* ContentView.swift */; };
		E4CCB4C128C6403A008D0D2A /* Assets.xcassets in Resources */ = {isa = PBXBuildFile; fileRef = E4CCB4C028C6403A008D0D2A /* Assets.xcassets */; };
		E4CCB4C428C6403A008D0D2A /* Preview Assets.xcassets in Resources */ = {isa = PBXBuildFile; fileRef = E4CCB4C328C6403A008D0D2A /* Preview Assets.xcassets */; };
		E4CCB4CB28C642AE008D0D2A /* NotificationListView.swift in Sources */ = {isa = PBXBuildFile; fileRef = E4CCB4CA28C642AE008D0D2A /* NotificationListView.swift */; };
		E4CCB4CD28C642C4008D0D2A /* NotificationManager.swift in Sources */ = {isa = PBXBuildFile; fileRef = E4CCB4CC28C642C4008D0D2A /* NotificationManager.swift */; };
		E4CCB4CF28C65268008D0D2A /* CreateIdentificationView.swift in Sources */ = {isa = PBXBuildFile; fileRef = E4CCB4CE28C65268008D0D2A /* CreateIdentificationView.swift */; };
/* End PBXBuildFile section */

/* Begin PBXFileReference section */
		E4CCB4B928C64036008D0D2A /* LocalNotificationsWithPicker.app */ = {isa = PBXFileReference; explicitFileType = wrapper.application; includeInIndex = 0; path = LocalNotificationsWithPicker.app; sourceTree = BUILT_PRODUCTS_DIR; };
		E4CCB4BC28C64036008D0D2A /* LocalNotificationsWithPickerApp.swift */ = {isa = PBXFileReference; lastKnownFileType = sourcecode.swift; path = LocalNotificationsWithPickerApp.swift; sourceTree = "<group>"; };
		E4CCB4BE28C64036008D0D2A /* ContentView.swift */ = {isa = PBXFileReference; lastKnownFileType = sourcecode.swift; path = ContentView.swift; sourceTree = "<group>"; };
		E4CCB4C028C6403A008D0D2A /* Assets.xcassets */ = {isa = PBXFileReference; lastKnownFileType = folder.assetcatalog; path = Assets.xcassets; sourceTree = "<group>"; };
		E4CCB4C328C6403A008D0D2A /* Preview Assets.xcassets */ = {isa = PBXFileReference; lastKnownFileType = folder.assetcatalog; path = "Preview Assets.xcassets"; sourceTree = "<group>"; };
		E4CCB4CA28C642AE008D0D2A /* NotificationListView.swift */ = {isa = PBXFileReference; lastKnownFileType = sourcecode.swift; path = NotificationListView.swift; sourceTree = "<group>"; };
		E4CCB4CC28C642C4008D0D2A /* NotificationManager.swift */ = {isa = PBXFileReference; lastKnownFileType = sourcecode.swift; path = NotificationManager.swift; sourceTree = "<group>"; };
		E4CCB4CE28C65268008D0D2A /* CreateIdentificationView.swift */ = {isa = PBXFileReference; lastKnownFileType = sourcecode.swift; path = CreateIdentificationView.swift; sourceTree = "<group>"; };
/* End PBXFileReference section */

/* Begin PBXFrameworksBuildPhase section */
		E4CCB4B628C64036008D0D2A /* Frameworks */ = {
			isa = PBXFrameworksBuildPhase;
			buildActionMask = 2147483647;
			files = (
			);
			runOnlyForDeploymentPostprocessing = 0;
		};
/* End PBXFrameworksBuildPhase section */

/* Begin PBXGroup section */
		E4CCB4B028C64036008D0D2A = {
			isa = PBXGroup;
			children = (
				E4CCB4BB28C64036008D0D2A /* LocalNotificationsWithPicker */,
				E4CCB4BA28C64036008D0D2A /* Products */,
			);
			sourceTree = "<group>";
		};
		E4CCB4BA28C64036008D0D2A /* Products */ = {
			isa = PBXGroup;
			children = (
				E4CCB4B928C64036008D0D2A /* LocalNotificationsWithPicker.app */,
			);
			name = Products;
			sourceTree = "<group>";
		};
		E4CCB4BB28C64036008D0D2A /* LocalNotificationsWithPicker */ = {
			isa = PBXGroup;
			children = (
				E4CCB4BC28C64036008D0D2A /* LocalNotificationsWithPickerApp.swift */,
				E4CCB4BE28C64036008D0D2A /* ContentView.swift */,
				E4CCB4C028C6403A008D0D2A /* Assets.xcassets */,
				E4CCB4C228C6403A008D0D2A /* Preview Content */,
				E4CCB4CA28C642AE008D0D2A /* NotificationListView.swift */,
				E4CCB4CC28C642C4008D0D2A /* NotificationManager.swift */,
				E4CCB4CE28C65268008D0D2A /* CreateIdentificationView.swift */,
			);
			path = LocalNotificationsWithPicker;
			sourceTree = "<group>";
		};
		E4CCB4C228C6403A008D0D2A /* Preview Content */ = {
			isa = PBXGroup;
			children = (
				E4CCB4C328C6403A008D0D2A /* Preview Assets.xcassets */,
			);
			path = "Preview Content";
			sourceTree = "<group>";
		};
/* End PBXGroup section */

/* Begin PBXNativeTarget section */
		E4CCB4B828C64036008D0D2A /* LocalNotificationsWithPicker */ = {
			isa = PBXNativeTarget;
			buildConfigurationList = E4CCB4C728C6403A008D0D2A /* Build configuration list for PBXNativeTarget "LocalNotificationsWithPicker" */;
			buildPhases = (
				E4CCB4B528C64036008D0D2A /* Sources */,
				E4CCB4B628C64036008D0D2A /* Frameworks */,
				E4CCB4B728C64036008D0D2A /* Resources */,
			);
			buildRules = (
			);
			dependencies = (
			);
			name = LocalNotificationsWithPicker;
			productName = LocalNotificationsWithPicker;
			productReference = E4CCB4B928C64036008D0D2A /* LocalNotificationsWithPicker.app */;
			productType = "com.apple.product-type.application";
		};
/* End PBXNativeTarget section */

/* Begin PBXProject section */
		E4CCB4B128C64036008D0D2A /* Project object */ = {
			isa = PBXProject;
			attributes = {
				BuildIndependentTargetsInParallel = 1;
				LastSwiftUpdateCheck = 1340;
				LastUpgradeCheck = 1340;
				TargetAttributes = {
					E4CCB4B828C64036008D0D2A = {
						CreatedOnToolsVersion = 13.4.1;
					};
				};
			};
			buildConfigurationList = E4CCB4B428C64036008D0D2A /* Build configuration list for PBXProject "LocalNotificationsWithPicker" */;
			compatibilityVersion = "Xcode 13.0";
			developmentRegion = en;
			hasScannedForEncodings = 0;
			knownRegions = (
				en,
				Base,
			);
			mainGroup = E4CCB4B028C64036008D0D2A;
			productRefGroup = E4CCB4BA28C64036008D0D2A /* Products */;
			projectDirPath = "";
			projectRoot = "";
			targets = (
				E4CCB4B828C64036008D0D2A /* LocalNotificationsWithPicker */,
			);
		};
/* End PBXProject section */

/* Begin PBXResourcesBuildPhase section */
		E4CCB4B728C64036008D0D2A /* Resources */ = {
			isa = PBXResourcesBuildPhase;
			buildActionMask = 2147483647;
			files = (
				E4CCB4C428C6403A008D0D2A /* Preview Assets.xcassets in Resources */,
				E4CCB4C128C6403A008D0D2A /* Assets.xcassets in Resources */,
			);
			runOnlyForDeploymentPostprocessing = 0;
		};
/* End PBXResourcesBuildPhase section */

/* Begin PBXSourcesBuildPhase section */
		E4CCB4B528C64036008D0D2A /* Sources */ = {
			isa = PBXSourcesBuildPhase;
			buildActionMask = 2147483647;
			files = (
				E4CCB4BF28C64036008D0D2A /* ContentView.swift in Sources */,
				E4CCB4BD28C64036008D0D2A /* LocalNotificationsWithPickerApp.swift in Sources */,
				E4CCB4CD28C642C4008D0D2A /* NotificationManager.swift in Sources */,
				E4CCB4CF28C65268008D0D2A /* CreateIdentificationView.swift in Sources */,
				E4CCB4CB28C642AE008D0D2A /* NotificationListView.swift in Sources */,
			);
			runOnlyForDeploymentPostprocessing = 0;
		};
/* End PBXSourcesBuildPhase section */

/* Begin XCBuildConfiguration section */
		E4CCB4C528C6403A008D0D2A /* Debug */ = {
			isa = XCBuildConfiguration;
			buildSettings = {
				ALWAYS_SEARCH_USER_PATHS = NO;
				CLANG_ANALYZER_NONNULL = YES;
				CLANG_ANALYZER_NUMBER_OBJECT_CONVERSION = YES_AGGRESSIVE;
				CLANG_CXX_LANGUAGE_STANDARD = "gnu++17";
				CLANG_ENABLE_MODULES = YES;
				CLANG_ENABLE_OBJC_ARC = YES;
				CLANG_ENABLE_OBJC_WEAK = YES;
				CLANG_WARN_BLOCK_CAPTURE_AUTORELEASING = YES;
				CLANG_WARN_BOOL_CONVERSION = YES;
				CLANG_WARN_COMMA = YES;
				CLANG_WARN_CONSTANT_CONVERSION = YES;
				CLANG_WARN_DEPRECATED_OBJC_IMPLEMENTATIONS = YES;
				CLANG_WARN_DIRECT_OBJC_ISA_USAGE = YES_ERROR;
				CLANG_WARN_DOCUMENTATION_COMMENTS = YES;
				CLANG_WARN_EMPTY_BODY = YES;
				CLANG_WARN_ENUM_CONVERSION = YES;
				CLANG_WARN_INFINITE_RECURSION = YES;
				CLANG_WARN_INT_CONVERSION = YES;
				CLANG_WARN_NON_LITERAL_NULL_CONVERSION = YES;
				CLANG_WARN_OBJC_IMPLICIT_RETAIN_SELF = YES;
				CLANG_WARN_OBJC_LITERAL_CONVERSION = YES;
				CLANG_WARN_OBJC_ROOT_CLASS = YES_ERROR;
				CLANG_WARN_QUOTED_INCLUDE_IN_FRAMEWORK_HEADER = YES;
				CLANG_WARN_RANGE_LOOP_ANALYSIS = YES;
				CLANG_WARN_STRICT_PROTOTYPES = YES;
				CLANG_WARN_SUSPICIOUS_MOVE = YES;
				CLANG_WARN_UNGUARDED_AVAILABILITY = YES_AGGRESSIVE;
				CLANG_WARN_UNREACHABLE_CODE = YES;
				CLANG_WARN__DUPLICATE_METHOD_MATCH = YES;
				COPY_PHASE_STRIP = NO;
				DEBUG_INFORMATION_FORMAT = dwarf;
				ENABLE_STRICT_OBJC_MSGSEND = YES;
				ENABLE_TESTABILITY = YES;
				GCC_C_LANGUAGE_STANDARD = gnu11;
				GCC_DYNAMIC_NO_PIC = NO;
				GCC_NO_COMMON_BLOCKS = YES;
				GCC_OPTIMIZATION_LEVEL = 0;
				GCC_PREPROCESSOR_DEFINITIONS = (
					"DEBUG=1",
					"$(inherited)",
				);
				GCC_WARN_64_TO_32_BIT_CONVERSION = YES;
				GCC_WARN_ABOUT_RETURN_TYPE = YES_ERROR;
				GCC_WARN_UNDECLARED_SELECTOR = YES;
				GCC_WARN_UNINITIALIZED_AUTOS = YES_AGGRESSIVE;
				GCC_WARN_UNUSED_FUNCTION = YES;
				GCC_WARN_UNUSED_VARIABLE = YES;
				IPHONEOS_DEPLOYMENT_TARGET = 15.5;
				MTL_ENABLE_DEBUG_INFO = INCLUDE_SOURCE;
				MTL_FAST_MATH = YES;
				ONLY_ACTIVE_ARCH = YES;
				SDKROOT = iphoneos;
				SWIFT_ACTIVE_COMPILATION_CONDITIONS = DEBUG;
				SWIFT_OPTIMIZATION_LEVEL = "-Onone";
			};
			name = Debug;
		};
		E4CCB4C628C6403A008D0D2A /* Release */ = {
			isa = XCBuildConfiguration;
			buildSettings = {
				ALWAYS_SEARCH_USER_PATHS = NO;
				CLANG_ANALYZER_NONNULL = YES;
				CLANG_ANALYZER_NUMBER_OBJECT_CONVERSION = YES_AGGRESSIVE;
				CLANG_CXX_LANGUAGE_STANDARD = "gnu++17";
				CLANG_ENABLE_MODULES = YES;
				CLANG_ENABLE_OBJC_ARC = YES;
				CLANG_ENABLE_OBJC_WEAK = YES;
				CLANG_WARN_BLOCK_CAPTURE_AUTORELEASING = YES;
				CLANG_WARN_BOOL_CONVERSION = YES;
				CLANG_WARN_COMMA = YES;
				CLANG_WARN_CONSTANT_CONVERSION = YES;
				CLANG_WARN_DEPRECATED_OBJC_IMPLEMENTATIONS = YES;
				CLANG_WARN_DIRECT_OBJC_ISA_USAGE = YES_ERROR;
				CLANG_WARN_DOCUMENTATION_COMMENTS = YES;
				CLANG_WARN_EMPTY_BODY = YES;
				CLANG_WARN_ENUM_CONVERSION = YES;
				CLANG_WARN_INFINITE_RECURSION = YES;
				CLANG_WARN_INT_CONVERSION = YES;
				CLANG_WARN_NON_LITERAL_NULL_CONVERSION = YES;
				CLANG_WARN_OBJC_IMPLICIT_RETAIN_SELF = YES;
				CLANG_WARN_OBJC_LITERAL_CONVERSION = YES;
				CLANG_WARN_OBJC_ROOT_CLASS = YES_ERROR;
				CLANG_WARN_QUOTED_INCLUDE_IN_FRAMEWORK_HEADER = YES;
				CLANG_WARN_RANGE_LOOP_ANALYSIS = YES;
				CLANG_WARN_STRICT_PROTOTYPES = YES;
				CLANG_WARN_SUSPICIOUS_MOVE = YES;
				CLANG_WARN_UNGUARDED_AVAILABILITY = YES_AGGRESSIVE;
				CLANG_WARN_UNREACHABLE_CODE = YES;
				CLANG_WARN__DUPLICATE_METHOD_MATCH = YES;
				COPY_PHASE_STRIP = NO;
				DEBUG_INFORMATION_FORMAT = "dwarf-with-dsym";
				ENABLE_NS_ASSERTIONS = NO;
				ENABLE_STRICT_OBJC_MSGSEND = YES;
				GCC_C_LANGUAGE_STANDARD = gnu11;
				GCC_NO_COMMON_BLOCKS = YES;
				GCC_WARN_64_TO_32_BIT_CONVERSION = YES;
				GCC_WARN_ABOUT_RETURN_TYPE = YES_ERROR;
				GCC_WARN_UNDECLARED_SELECTOR = YES;
				GCC_WARN_UNINITIALIZED_AUTOS = YES_AGGRESSIVE;
				GCC_WARN_UNUSED_FUNCTION = YES;
				GCC_WARN_UNUSED_VARIABLE = YES;
				IPHONEOS_DEPLOYMENT_TARGET = 15.5;
				MTL_ENABLE_DEBUG_INFO = NO;
				MTL_FAST_MATH = YES;
				SDKROOT = iphoneos;
				SWIFT_COMPILATION_MODE = wholemodule;
				SWIFT_OPTIMIZATION_LEVEL = "-O";
				VALIDATE_PRODUCT = YES;
			};
			name = Release;
		};
		E4CCB4C828C6403A008D0D2A /* Debug */ = {
			isa = XCBuildConfiguration;
			buildSettings = {
				ASSETCATALOG_COMPILER_APPICON_NAME = AppIcon;
				ASSETCATALOG_COMPILER_GLOBAL_ACCENT_COLOR_NAME = AccentColor;
				CODE_SIGN_STYLE = Automatic;
				CURRENT_PROJECT_VERSION = 1;
				DEVELOPMENT_ASSET_PATHS = "\"LocalNotificationsWithPicker/Preview Content\"";
				DEVELOPMENT_TEAM = 9U7NL4KM84;
				ENABLE_PREVIEWS = YES;
				GENERATE_INFOPLIST_FILE = YES;
				INFOPLIST_KEY_UIApplicationSceneManifest_Generation = YES;
				INFOPLIST_KEY_UIApplicationSupportsIndirectInputEvents = YES;
				INFOPLIST_KEY_UILaunchScreen_Generation = YES;
				INFOPLIST_KEY_UISupportedInterfaceOrientations_iPad = "UIInterfaceOrientationPortrait UIInterfaceOrientationPortraitUpsideDown UIInterfaceOrientationLandscapeLeft UIInterfaceOrientationLandscapeRight";
				INFOPLIST_KEY_UISupportedInterfaceOrientations_iPhone = "UIInterfaceOrientationPortrait UIInterfaceOrientationLandscapeLeft UIInterfaceOrientationLandscapeRight";
				LD_RUNPATH_SEARCH_PATHS = (
					"$(inherited)",
					"@executable_path/Frameworks",
				);
				MARKETING_VERSION = 1.0;
				PRODUCT_BUNDLE_IDENTIFIER = com.pimenta.LocalNotificationsWithPicker;
				PRODUCT_NAME = "$(TARGET_NAME)";
				SWIFT_EMIT_LOC_STRINGS = YES;
				SWIFT_VERSION = 5.0;
				TARGETED_DEVICE_FAMILY = "1,2";
			};
			name = Debug;
		};
		E4CCB4C928C6403A008D0D2A /* Release */ = {
			isa = XCBuildConfiguration;
			buildSettings = {
				ASSETCATALOG_COMPILER_APPICON_NAME = AppIcon;
				ASSETCATALOG_COMPILER_GLOBAL_ACCENT_COLOR_NAME = AccentColor;
				CODE_SIGN_STYLE = Automatic;
				CURRENT_PROJECT_VERSION = 1;
				DEVELOPMENT_ASSET_PATHS = "\"LocalNotificationsWithPicker/Preview Content\"";
				DEVELOPMENT_TEAM = 9U7NL4KM84;
				ENABLE_PREVIEWS = YES;
				GENERATE_INFOPLIST_FILE = YES;
				INFOPLIST_KEY_UIApplicationSceneManifest_Generation = YES;
				INFOPLIST_KEY_UIApplicationSupportsIndirectInputEvents = YES;
				INFOPLIST_KEY_UILaunchScreen_Generation = YES;
				INFOPLIST_KEY_UISupportedInterfaceOrientations_iPad = "UIInterfaceOrientationPortrait UIInterfaceOrientationPortraitUpsideDown UIInterfaceOrientationLandscapeLeft UIInterfaceOrientationLandscapeRight";
				INFOPLIST_KEY_UISupportedInterfaceOrientations_iPhone = "UIInterfaceOrientationPortrait UIInterfaceOrientationLandscapeLeft UIInterfaceOrientationLandscapeRight";
				LD_RUNPATH_SEARCH_PATHS = (
					"$(inherited)",
					"@executable_path/Frameworks",
				);
				MARKETING_VERSION = 1.0;
				PRODUCT_BUNDLE_IDENTIFIER = com.pimenta.LocalNotificationsWithPicker;
				PRODUCT_NAME = "$(TARGET_NAME)";
				SWIFT_EMIT_LOC_STRINGS = YES;
				SWIFT_VERSION = 5.0;
				TARGETED_DEVICE_FAMILY = "1,2";
			};
			name = Release;
		};
/* End XCBuildConfiguration section */

/* Begin XCConfigurationList section */
		E4CCB4B428C64036008D0D2A /* Build configuration list for PBXProject "LocalNotificationsWithPicker" */ = {
			isa = XCConfigurationList;
			buildConfigurations = (
				E4CCB4C528C6403A008D0D2A /* Debug */,
				E4CCB4C628C6403A008D0D2A /* Release */,
			);
			defaultConfigurationIsVisible = 0;
			defaultConfigurationName = Release;
		};
		E4CCB4C728C6403A008D0D2A /* Build configuration list for PBXNativeTarget "LocalNotificationsWithPicker" */ = {
			isa = XCConfigurationList;
			buildConfigurations = (
				E4CCB4C828C6403A008D0D2A /* Debug */,
				E4CCB4C928C6403A008D0D2A /* Release */,
			);
			defaultConfigurationIsVisible = 0;
			defaultConfigurationName = Release;
		};
/* End XCConfigurationList section */
	};
	rootObject = E4CCB4B128C64036008D0D2A /* Project object */;
}
